
Microsoft Visual Studio Solution File, Format Version 12.00
# Visual Studio 15
VisualStudioVersion = 15.0.28010.2016
MinimumVisualStudioVersion = 10.0.40219.1
Project("{FAE04EC0-301F-11D3-BF4B-00C04F79EFBC}") = "ConsoleApp", "ConsoleApp\ConsoleApp.csproj", "{8E3DFACF-27EB-478D-8E3C-EAC5752D2A3A}"
EndProject
Project("{FAE04EC0-301F-11D3-BF4B-00C04F79EFBC}") = "MobileApp.Android", "MobileApp\MobileApp.Android\MobileApp.Android.csproj", "{D738174C-EDB2-42A7-A795-029F2EFCDE05}"
EndProject
Project("{FAE04EC0-301F-11D3-BF4B-00C04F79EFBC}") = "MobileApp.iOS", "MobileApp\MobileApp.iOS\MobileApp.iOS.csproj", "{5EE8D261-12EC-48A4-925A-35CC36B5266C}"
EndProject
Project("{9A19103F-16F7-4668-BE54-9A1E7A4F7556}") = "MobileApp", "MobileApp\MobileApp\MobileApp.csproj", "{4BB1149F-E83A-407C-A835-A6A2F5A0CAE5}"
EndProject
Project("{2150E333-8FDC-42A3-9474-1A3956D46DE8}") = "Mobile", "Mobile", "{EFBC60DC-8A5A-437B-B47E-107754F134AE}"
EndProject
Project("{9A19103F-16F7-4668-BE54-9A1E7A4F7556}") = "NetCoreConsoleApp", "NetCoreConsoleApp\NetCoreConsoleApp.csproj", "{5490438E-36C6-42E7-9DF4-0638EAAA3B48}"
EndProject
Project("{FAE04EC0-301F-11D3-BF4B-00C04F79EFBC}") = "WindowsFormsApp", "WindowsFormsApp\WindowsFormsApp.csproj", "{80B89241-32EC-436A-828E-D78B30DFB782}"
EndProject
Project("{FAE04EC0-301F-11D3-BF4B-00C04F79EFBC}") = "UwpApp", "UwpApp\UwpApp.csproj", "{AB64E223-F8AE-4AF5-AAE0-C9A5C63A9DAE}"
EndProject
Project("{2150E333-8FDC-42A3-9474-1A3956D46DE8}") = "Samples", "Samples", "{A27E6701-E46E-424D-8E7E-BF2E16F2AF59}"
EndProject
Project("{9A19103F-16F7-4668-BE54-9A1E7A4F7556}") = "DotNetStandardLib", "DotNetStandardLib\DotNetStandardLib.csproj", "{116CE19F-3480-4528-834D-0E58701FC916}"
EndProject
Project("{9A19103F-16F7-4668-BE54-9A1E7A4F7556}") = "PlatformService", "PlatformService\PlatformService.csproj", "{3609C3F1-789F-4FAE-AEBA-C15964ABCE12}"
EndProject
Global
	GlobalSection(SolutionConfigurationPlatforms) = preSolution
		Ad-Hoc|Any CPU = Ad-Hoc|Any CPU
		Ad-Hoc|ARM = Ad-Hoc|ARM
		Ad-Hoc|iPhone = Ad-Hoc|iPhone
		Ad-Hoc|iPhoneSimulator = Ad-Hoc|iPhoneSimulator
		Ad-Hoc|x64 = Ad-Hoc|x64
		Ad-Hoc|x86 = Ad-Hoc|x86
		AppStore|Any CPU = AppStore|Any CPU
		AppStore|ARM = AppStore|ARM
		AppStore|iPhone = AppStore|iPhone
		AppStore|iPhoneSimulator = AppStore|iPhoneSimulator
		AppStore|x64 = AppStore|x64
		AppStore|x86 = AppStore|x86
		Debug|Any CPU = Debug|Any CPU
		Debug|ARM = Debug|ARM
		Debug|iPhone = Debug|iPhone
		Debug|iPhoneSimulator = Debug|iPhoneSimulator
		Debug|x64 = Debug|x64
		Debug|x86 = Debug|x86
		Release|Any CPU = Release|Any CPU
		Release|ARM = Release|ARM
		Release|iPhone = Release|iPhone
		Release|iPhoneSimulator = Release|iPhoneSimulator
		Release|x64 = Release|x64
		Release|x86 = Release|x86
	EndGlobalSection
	GlobalSection(ProjectConfigurationPlatforms) = postSolution
		{8E3DFACF-27EB-478D-8E3C-EAC5752D2A3A}.Ad-Hoc|Any CPU.ActiveCfg = Release|Any CPU
		{8E3DFACF-27EB-478D-8E3C-EAC5752D2A3A}.Ad-Hoc|Any CPU.Build.0 = Release|Any CPU
		{8E3DFACF-27EB-478D-8E3C-EAC5752D2A3A}.Ad-Hoc|ARM.ActiveCfg = Release|Any CPU
		{8E3DFACF-27EB-478D-8E3C-EAC5752D2A3A}.Ad-Hoc|ARM.Build.0 = Release|Any CPU
		{8E3DFACF-27EB-478D-8E3C-EAC5752D2A3A}.Ad-Hoc|iPhone.ActiveCfg = Release|Any CPU
		{8E3DFACF-27EB-478D-8E3C-EAC5752D2A3A}.Ad-Hoc|iPhone.Build.0 = Release|Any CPU
		{8E3DFACF-27EB-478D-8E3C-EAC5752D2A3A}.Ad-Hoc|iPhoneSimulator.ActiveCfg = Release|Any CPU
		{8E3DFACF-27EB-478D-8E3C-EAC5752D2A3A}.Ad-Hoc|iPhoneSimulator.Build.0 = Release|Any CPU
		{8E3DFACF-27EB-478D-8E3C-EAC5752D2A3A}.Ad-Hoc|x64.ActiveCfg = Release|Any CPU
		{8E3DFACF-27EB-478D-8E3C-EAC5752D2A3A}.Ad-Hoc|x64.Build.0 = Release|Any CPU
		{8E3DFACF-27EB-478D-8E3C-EAC5752D2A3A}.Ad-Hoc|x86.ActiveCfg = Release|Any CPU
		{8E3DFACF-27EB-478D-8E3C-EAC5752D2A3A}.Ad-Hoc|x86.Build.0 = Release|Any CPU
		{8E3DFACF-27EB-478D-8E3C-EAC5752D2A3A}.AppStore|Any CPU.ActiveCfg = Release|Any CPU
		{8E3DFACF-27EB-478D-8E3C-EAC5752D2A3A}.AppStore|Any CPU.Build.0 = Release|Any CPU
		{8E3DFACF-27EB-478D-8E3C-EAC5752D2A3A}.AppStore|ARM.ActiveCfg = Release|Any CPU
		{8E3DFACF-27EB-478D-8E3C-EAC5752D2A3A}.AppStore|ARM.Build.0 = Release|Any CPU
		{8E3DFACF-27EB-478D-8E3C-EAC5752D2A3A}.AppStore|iPhone.ActiveCfg = Release|Any CPU
		{8E3DFACF-27EB-478D-8E3C-EAC5752D2A3A}.AppStore|iPhone.Build.0 = Release|Any CPU
		{8E3DFACF-27EB-478D-8E3C-EAC5752D2A3A}.AppStore|iPhoneSimulator.ActiveCfg = Release|Any CPU
		{8E3DFACF-27EB-478D-8E3C-EAC5752D2A3A}.AppStore|iPhoneSimulator.Build.0 = Release|Any CPU
		{8E3DFACF-27EB-478D-8E3C-EAC5752D2A3A}.AppStore|x64.ActiveCfg = Release|Any CPU
		{8E3DFACF-27EB-478D-8E3C-EAC5752D2A3A}.AppStore|x64.Build.0 = Release|Any CPU
		{8E3DFACF-27EB-478D-8E3C-EAC5752D2A3A}.AppStore|x86.ActiveCfg = Release|Any CPU
		{8E3DFACF-27EB-478D-8E3C-EAC5752D2A3A}.AppStore|x86.Build.0 = Release|Any CPU
		{8E3DFACF-27EB-478D-8E3C-EAC5752D2A3A}.Debug|Any CPU.ActiveCfg = Debug|Any CPU
		{8E3DFACF-27EB-478D-8E3C-EAC5752D2A3A}.Debug|Any CPU.Build.0 = Debug|Any CPU
		{8E3DFACF-27EB-478D-8E3C-EAC5752D2A3A}.Debug|ARM.ActiveCfg = Debug|Any CPU
		{8E3DFACF-27EB-478D-8E3C-EAC5752D2A3A}.Debug|ARM.Build.0 = Debug|Any CPU
		{8E3DFACF-27EB-478D-8E3C-EAC5752D2A3A}.Debug|iPhone.ActiveCfg = Debug|Any CPU
		{8E3DFACF-27EB-478D-8E3C-EAC5752D2A3A}.Debug|iPhone.Build.0 = Debug|Any CPU
		{8E3DFACF-27EB-478D-8E3C-EAC5752D2A3A}.Debug|iPhoneSimulator.ActiveCfg = Debug|Any CPU
		{8E3DFACF-27EB-478D-8E3C-EAC5752D2A3A}.Debug|iPhoneSimulator.Build.0 = Debug|Any CPU
		{8E3DFACF-27EB-478D-8E3C-EAC5752D2A3A}.Debug|x64.ActiveCfg = Debug|Any CPU
		{8E3DFACF-27EB-478D-8E3C-EAC5752D2A3A}.Debug|x64.Build.0 = Debug|Any CPU
		{8E3DFACF-27EB-478D-8E3C-EAC5752D2A3A}.Debug|x86.ActiveCfg = Debug|Any CPU
		{8E3DFACF-27EB-478D-8E3C-EAC5752D2A3A}.Debug|x86.Build.0 = Debug|Any CPU
		{8E3DFACF-27EB-478D-8E3C-EAC5752D2A3A}.Release|Any CPU.ActiveCfg = Release|Any CPU
		{8E3DFACF-27EB-478D-8E3C-EAC5752D2A3A}.Release|Any CPU.Build.0 = Release|Any CPU
		{8E3DFACF-27EB-478D-8E3C-EAC5752D2A3A}.Release|ARM.ActiveCfg = Release|Any CPU
		{8E3DFACF-27EB-478D-8E3C-EAC5752D2A3A}.Release|ARM.Build.0 = Release|Any CPU
		{8E3DFACF-27EB-478D-8E3C-EAC5752D2A3A}.Release|iPhone.ActiveCfg = Release|Any CPU
		{8E3DFACF-27EB-478D-8E3C-EAC5752D2A3A}.Release|iPhone.Build.0 = Release|Any CPU
		{8E3DFACF-27EB-478D-8E3C-EAC5752D2A3A}.Release|iPhoneSimulator.ActiveCfg = Release|Any CPU
		{8E3DFACF-27EB-478D-8E3C-EAC5752D2A3A}.Release|iPhoneSimulator.Build.0 = Release|Any CPU
		{8E3DFACF-27EB-478D-8E3C-EAC5752D2A3A}.Release|x64.ActiveCfg = Release|Any CPU
		{8E3DFACF-27EB-478D-8E3C-EAC5752D2A3A}.Release|x64.Build.0 = Release|Any CPU
		{8E3DFACF-27EB-478D-8E3C-EAC5752D2A3A}.Release|x86.ActiveCfg = Release|Any CPU
		{8E3DFACF-27EB-478D-8E3C-EAC5752D2A3A}.Release|x86.Build.0 = Release|Any CPU
		{D738174C-EDB2-42A7-A795-029F2EFCDE05}.Ad-Hoc|Any CPU.ActiveCfg = Release|Any CPU
		{D738174C-EDB2-42A7-A795-029F2EFCDE05}.Ad-Hoc|Any CPU.Build.0 = Release|Any CPU
		{D738174C-EDB2-42A7-A795-029F2EFCDE05}.Ad-Hoc|Any CPU.Deploy.0 = Release|Any CPU
		{D738174C-EDB2-42A7-A795-029F2EFCDE05}.Ad-Hoc|ARM.ActiveCfg = Release|Any CPU
		{D738174C-EDB2-42A7-A795-029F2EFCDE05}.Ad-Hoc|ARM.Build.0 = Release|Any CPU
		{D738174C-EDB2-42A7-A795-029F2EFCDE05}.Ad-Hoc|ARM.Deploy.0 = Release|Any CPU
		{D738174C-EDB2-42A7-A795-029F2EFCDE05}.Ad-Hoc|iPhone.ActiveCfg = Release|Any CPU
		{D738174C-EDB2-42A7-A795-029F2EFCDE05}.Ad-Hoc|iPhone.Build.0 = Release|Any CPU
		{D738174C-EDB2-42A7-A795-029F2EFCDE05}.Ad-Hoc|iPhone.Deploy.0 = Release|Any CPU
		{D738174C-EDB2-42A7-A795-029F2EFCDE05}.Ad-Hoc|iPhoneSimulator.ActiveCfg = Release|Any CPU
		{D738174C-EDB2-42A7-A795-029F2EFCDE05}.Ad-Hoc|iPhoneSimulator.Build.0 = Release|Any CPU
		{D738174C-EDB2-42A7-A795-029F2EFCDE05}.Ad-Hoc|iPhoneSimulator.Deploy.0 = Release|Any CPU
		{D738174C-EDB2-42A7-A795-029F2EFCDE05}.Ad-Hoc|x64.ActiveCfg = Release|Any CPU
		{D738174C-EDB2-42A7-A795-029F2EFCDE05}.Ad-Hoc|x64.Build.0 = Release|Any CPU
		{D738174C-EDB2-42A7-A795-029F2EFCDE05}.Ad-Hoc|x64.Deploy.0 = Release|Any CPU
		{D738174C-EDB2-42A7-A795-029F2EFCDE05}.Ad-Hoc|x86.ActiveCfg = Release|Any CPU
		{D738174C-EDB2-42A7-A795-029F2EFCDE05}.Ad-Hoc|x86.Build.0 = Release|Any CPU
		{D738174C-EDB2-42A7-A795-029F2EFCDE05}.Ad-Hoc|x86.Deploy.0 = Release|Any CPU
		{D738174C-EDB2-42A7-A795-029F2EFCDE05}.AppStore|Any CPU.ActiveCfg = Release|Any CPU
		{D738174C-EDB2-42A7-A795-029F2EFCDE05}.AppStore|Any CPU.Build.0 = Release|Any CPU
		{D738174C-EDB2-42A7-A795-029F2EFCDE05}.AppStore|Any CPU.Deploy.0 = Release|Any CPU
		{D738174C-EDB2-42A7-A795-029F2EFCDE05}.AppStore|ARM.ActiveCfg = Release|Any CPU
		{D738174C-EDB2-42A7-A795-029F2EFCDE05}.AppStore|ARM.Build.0 = Release|Any CPU
		{D738174C-EDB2-42A7-A795-029F2EFCDE05}.AppStore|ARM.Deploy.0 = Release|Any CPU
		{D738174C-EDB2-42A7-A795-029F2EFCDE05}.AppStore|iPhone.ActiveCfg = Release|Any CPU
		{D738174C-EDB2-42A7-A795-029F2EFCDE05}.AppStore|iPhone.Build.0 = Release|Any CPU
		{D738174C-EDB2-42A7-A795-029F2EFCDE05}.AppStore|iPhone.Deploy.0 = Release|Any CPU
		{D738174C-EDB2-42A7-A795-029F2EFCDE05}.AppStore|iPhoneSimulator.ActiveCfg = Release|Any CPU
		{D738174C-EDB2-42A7-A795-029F2EFCDE05}.AppStore|iPhoneSimulator.Build.0 = Release|Any CPU
		{D738174C-EDB2-42A7-A795-029F2EFCDE05}.AppStore|iPhoneSimulator.Deploy.0 = Release|Any CPU
		{D738174C-EDB2-42A7-A795-029F2EFCDE05}.AppStore|x64.ActiveCfg = Release|Any CPU
		{D738174C-EDB2-42A7-A795-029F2EFCDE05}.AppStore|x64.Build.0 = Release|Any CPU
		{D738174C-EDB2-42A7-A795-029F2EFCDE05}.AppStore|x64.Deploy.0 = Release|Any CPU
		{D738174C-EDB2-42A7-A795-029F2EFCDE05}.AppStore|x86.ActiveCfg = Release|Any CPU
		{D738174C-EDB2-42A7-A795-029F2EFCDE05}.AppStore|x86.Build.0 = Release|Any CPU
		{D738174C-EDB2-42A7-A795-029F2EFCDE05}.AppStore|x86.Deploy.0 = Release|Any CPU
		{D738174C-EDB2-42A7-A795-029F2EFCDE05}.Debug|Any CPU.ActiveCfg = Debug|Any CPU
		{D738174C-EDB2-42A7-A795-029F2EFCDE05}.Debug|Any CPU.Build.0 = Debug|Any CPU
		{D738174C-EDB2-42A7-A795-029F2EFCDE05}.Debug|Any CPU.Deploy.0 = Debug|Any CPU
		{D738174C-EDB2-42A7-A795-029F2EFCDE05}.Debug|ARM.ActiveCfg = Debug|Any CPU
		{D738174C-EDB2-42A7-A795-029F2EFCDE05}.Debug|ARM.Build.0 = Debug|Any CPU
		{D738174C-EDB2-42A7-A795-029F2EFCDE05}.Debug|ARM.Deploy.0 = Debug|Any CPU
		{D738174C-EDB2-42A7-A795-029F2EFCDE05}.Debug|iPhone.ActiveCfg = Debug|Any CPU
		{D738174C-EDB2-42A7-A795-029F2EFCDE05}.Debug|iPhone.Build.0 = Debug|Any CPU
		{D738174C-EDB2-42A7-A795-029F2EFCDE05}.Debug|iPhone.Deploy.0 = Debug|Any CPU
		{D738174C-EDB2-42A7-A795-029F2EFCDE05}.Debug|iPhoneSimulator.ActiveCfg = Debug|Any CPU
		{D738174C-EDB2-42A7-A795-029F2EFCDE05}.Debug|iPhoneSimulator.Build.0 = Debug|Any CPU
		{D738174C-EDB2-42A7-A795-029F2EFCDE05}.Debug|iPhoneSimulator.Deploy.0 = Debug|Any CPU
		{D738174C-EDB2-42A7-A795-029F2EFCDE05}.Debug|x64.ActiveCfg = Debug|Any CPU
		{D738174C-EDB2-42A7-A795-029F2EFCDE05}.Debug|x64.Build.0 = Debug|Any CPU
		{D738174C-EDB2-42A7-A795-029F2EFCDE05}.Debug|x64.Deploy.0 = Debug|Any CPU
		{D738174C-EDB2-42A7-A795-029F2EFCDE05}.Debug|x86.ActiveCfg = Debug|Any CPU
		{D738174C-EDB2-42A7-A795-029F2EFCDE05}.Debug|x86.Build.0 = Debug|Any CPU
		{D738174C-EDB2-42A7-A795-029F2EFCDE05}.Debug|x86.Deploy.0 = Debug|Any CPU
		{D738174C-EDB2-42A7-A795-029F2EFCDE05}.Release|Any CPU.ActiveCfg = Release|Any CPU
		{D738174C-EDB2-42A7-A795-029F2EFCDE05}.Release|Any CPU.Build.0 = Release|Any CPU
		{D738174C-EDB2-42A7-A795-029F2EFCDE05}.Release|Any CPU.Deploy.0 = Release|Any CPU
		{D738174C-EDB2-42A7-A795-029F2EFCDE05}.Release|ARM.ActiveCfg = Release|Any CPU
		{D738174C-EDB2-42A7-A795-029F2EFCDE05}.Release|ARM.Build.0 = Release|Any CPU
		{D738174C-EDB2-42A7-A795-029F2EFCDE05}.Release|ARM.Deploy.0 = Release|Any CPU
		{D738174C-EDB2-42A7-A795-029F2EFCDE05}.Release|iPhone.ActiveCfg = Release|Any CPU
		{D738174C-EDB2-42A7-A795-029F2EFCDE05}.Release|iPhone.Build.0 = Release|Any CPU
		{D738174C-EDB2-42A7-A795-029F2EFCDE05}.Release|iPhone.Deploy.0 = Release|Any CPU
		{D738174C-EDB2-42A7-A795-029F2EFCDE05}.Release|iPhoneSimulator.ActiveCfg = Release|Any CPU
		{D738174C-EDB2-42A7-A795-029F2EFCDE05}.Release|iPhoneSimulator.Build.0 = Release|Any CPU
		{D738174C-EDB2-42A7-A795-029F2EFCDE05}.Release|iPhoneSimulator.Deploy.0 = Release|Any CPU
		{D738174C-EDB2-42A7-A795-029F2EFCDE05}.Release|x64.ActiveCfg = Release|Any CPU
		{D738174C-EDB2-42A7-A795-029F2EFCDE05}.Release|x64.Build.0 = Release|Any CPU
		{D738174C-EDB2-42A7-A795-029F2EFCDE05}.Release|x64.Deploy.0 = Release|Any CPU
		{D738174C-EDB2-42A7-A795-029F2EFCDE05}.Release|x86.ActiveCfg = Release|Any CPU
		{D738174C-EDB2-42A7-A795-029F2EFCDE05}.Release|x86.Build.0 = Release|Any CPU
		{D738174C-EDB2-42A7-A795-029F2EFCDE05}.Release|x86.Deploy.0 = Release|Any CPU
		{5EE8D261-12EC-48A4-925A-35CC36B5266C}.Ad-Hoc|Any CPU.ActiveCfg = Ad-Hoc|iPhone
		{5EE8D261-12EC-48A4-925A-35CC36B5266C}.Ad-Hoc|ARM.ActiveCfg = Ad-Hoc|iPhone
		{5EE8D261-12EC-48A4-925A-35CC36B5266C}.Ad-Hoc|iPhone.ActiveCfg = Ad-Hoc|iPhone
		{5EE8D261-12EC-48A4-925A-35CC36B5266C}.Ad-Hoc|iPhone.Build.0 = Ad-Hoc|iPhone
		{5EE8D261-12EC-48A4-925A-35CC36B5266C}.Ad-Hoc|iPhoneSimulator.ActiveCfg = Ad-Hoc|iPhoneSimulator
		{5EE8D261-12EC-48A4-925A-35CC36B5266C}.Ad-Hoc|iPhoneSimulator.Build.0 = Ad-Hoc|iPhoneSimulator
		{5EE8D261-12EC-48A4-925A-35CC36B5266C}.Ad-Hoc|x64.ActiveCfg = Ad-Hoc|iPhone
		{5EE8D261-12EC-48A4-925A-35CC36B5266C}.Ad-Hoc|x86.ActiveCfg = Ad-Hoc|iPhone
		{5EE8D261-12EC-48A4-925A-35CC36B5266C}.AppStore|Any CPU.ActiveCfg = AppStore|iPhone
		{5EE8D261-12EC-48A4-925A-35CC36B5266C}.AppStore|ARM.ActiveCfg = AppStore|iPhone
		{5EE8D261-12EC-48A4-925A-35CC36B5266C}.AppStore|iPhone.ActiveCfg = AppStore|iPhone
		{5EE8D261-12EC-48A4-925A-35CC36B5266C}.AppStore|iPhone.Build.0 = AppStore|iPhone
		{5EE8D261-12EC-48A4-925A-35CC36B5266C}.AppStore|iPhoneSimulator.ActiveCfg = AppStore|iPhoneSimulator
		{5EE8D261-12EC-48A4-925A-35CC36B5266C}.AppStore|iPhoneSimulator.Build.0 = AppStore|iPhoneSimulator
		{5EE8D261-12EC-48A4-925A-35CC36B5266C}.AppStore|x64.ActiveCfg = AppStore|iPhone
		{5EE8D261-12EC-48A4-925A-35CC36B5266C}.AppStore|x86.ActiveCfg = AppStore|iPhone
		{5EE8D261-12EC-48A4-925A-35CC36B5266C}.Debug|Any CPU.ActiveCfg = Debug|iPhone
		{5EE8D261-12EC-48A4-925A-35CC36B5266C}.Debug|ARM.ActiveCfg = Debug|iPhone
		{5EE8D261-12EC-48A4-925A-35CC36B5266C}.Debug|iPhone.ActiveCfg = Debug|iPhone
		{5EE8D261-12EC-48A4-925A-35CC36B5266C}.Debug|iPhone.Build.0 = Debug|iPhone
		{5EE8D261-12EC-48A4-925A-35CC36B5266C}.Debug|iPhoneSimulator.ActiveCfg = Debug|iPhoneSimulator
		{5EE8D261-12EC-48A4-925A-35CC36B5266C}.Debug|iPhoneSimulator.Build.0 = Debug|iPhoneSimulator
		{5EE8D261-12EC-48A4-925A-35CC36B5266C}.Debug|x64.ActiveCfg = Debug|iPhone
		{5EE8D261-12EC-48A4-925A-35CC36B5266C}.Debug|x86.ActiveCfg = Debug|iPhone
		{5EE8D261-12EC-48A4-925A-35CC36B5266C}.Release|Any CPU.ActiveCfg = Release|iPhone
		{5EE8D261-12EC-48A4-925A-35CC36B5266C}.Release|ARM.ActiveCfg = Release|iPhone
		{5EE8D261-12EC-48A4-925A-35CC36B5266C}.Release|iPhone.ActiveCfg = Release|iPhone
		{5EE8D261-12EC-48A4-925A-35CC36B5266C}.Release|iPhone.Build.0 = Release|iPhone
		{5EE8D261-12EC-48A4-925A-35CC36B5266C}.Release|iPhoneSimulator.ActiveCfg = Release|iPhoneSimulator
		{5EE8D261-12EC-48A4-925A-35CC36B5266C}.Release|iPhoneSimulator.Build.0 = Release|iPhoneSimulator
		{5EE8D261-12EC-48A4-925A-35CC36B5266C}.Release|x64.ActiveCfg = Release|iPhone
		{5EE8D261-12EC-48A4-925A-35CC36B5266C}.Release|x86.ActiveCfg = Release|iPhone
		{4BB1149F-E83A-407C-A835-A6A2F5A0CAE5}.Ad-Hoc|Any CPU.ActiveCfg = Debug|Any CPU
		{4BB1149F-E83A-407C-A835-A6A2F5A0CAE5}.Ad-Hoc|Any CPU.Build.0 = Debug|Any CPU
		{4BB1149F-E83A-407C-A835-A6A2F5A0CAE5}.Ad-Hoc|ARM.ActiveCfg = Debug|Any CPU
		{4BB1149F-E83A-407C-A835-A6A2F5A0CAE5}.Ad-Hoc|ARM.Build.0 = Debug|Any CPU
		{4BB1149F-E83A-407C-A835-A6A2F5A0CAE5}.Ad-Hoc|iPhone.ActiveCfg = Debug|Any CPU
		{4BB1149F-E83A-407C-A835-A6A2F5A0CAE5}.Ad-Hoc|iPhone.Build.0 = Debug|Any CPU
		{4BB1149F-E83A-407C-A835-A6A2F5A0CAE5}.Ad-Hoc|iPhoneSimulator.ActiveCfg = Debug|Any CPU
		{4BB1149F-E83A-407C-A835-A6A2F5A0CAE5}.Ad-Hoc|iPhoneSimulator.Build.0 = Debug|Any CPU
		{4BB1149F-E83A-407C-A835-A6A2F5A0CAE5}.Ad-Hoc|x64.ActiveCfg = Debug|Any CPU
		{4BB1149F-E83A-407C-A835-A6A2F5A0CAE5}.Ad-Hoc|x64.Build.0 = Debug|Any CPU
		{4BB1149F-E83A-407C-A835-A6A2F5A0CAE5}.Ad-Hoc|x86.ActiveCfg = Debug|Any CPU
		{4BB1149F-E83A-407C-A835-A6A2F5A0CAE5}.Ad-Hoc|x86.Build.0 = Debug|Any CPU
		{4BB1149F-E83A-407C-A835-A6A2F5A0CAE5}.AppStore|Any CPU.ActiveCfg = Debug|Any CPU
		{4BB1149F-E83A-407C-A835-A6A2F5A0CAE5}.AppStore|Any CPU.Build.0 = Debug|Any CPU
		{4BB1149F-E83A-407C-A835-A6A2F5A0CAE5}.AppStore|ARM.ActiveCfg = Debug|Any CPU
		{4BB1149F-E83A-407C-A835-A6A2F5A0CAE5}.AppStore|ARM.Build.0 = Debug|Any CPU
		{4BB1149F-E83A-407C-A835-A6A2F5A0CAE5}.AppStore|iPhone.ActiveCfg = Debug|Any CPU
		{4BB1149F-E83A-407C-A835-A6A2F5A0CAE5}.AppStore|iPhone.Build.0 = Debug|Any CPU
		{4BB1149F-E83A-407C-A835-A6A2F5A0CAE5}.AppStore|iPhoneSimulator.ActiveCfg = Debug|Any CPU
		{4BB1149F-E83A-407C-A835-A6A2F5A0CAE5}.AppStore|iPhoneSimulator.Build.0 = Debug|Any CPU
		{4BB1149F-E83A-407C-A835-A6A2F5A0CAE5}.AppStore|x64.ActiveCfg = Debug|Any CPU
		{4BB1149F-E83A-407C-A835-A6A2F5A0CAE5}.AppStore|x64.Build.0 = Debug|Any CPU
		{4BB1149F-E83A-407C-A835-A6A2F5A0CAE5}.AppStore|x86.ActiveCfg = Debug|Any CPU
		{4BB1149F-E83A-407C-A835-A6A2F5A0CAE5}.AppStore|x86.Build.0 = Debug|Any CPU
		{4BB1149F-E83A-407C-A835-A6A2F5A0CAE5}.Debug|Any CPU.ActiveCfg = Debug|Any CPU
		{4BB1149F-E83A-407C-A835-A6A2F5A0CAE5}.Debug|Any CPU.Build.0 = Debug|Any CPU
		{4BB1149F-E83A-407C-A835-A6A2F5A0CAE5}.Debug|ARM.ActiveCfg = Debug|Any CPU
		{4BB1149F-E83A-407C-A835-A6A2F5A0CAE5}.Debug|ARM.Build.0 = Debug|Any CPU
		{4BB1149F-E83A-407C-A835-A6A2F5A0CAE5}.Debug|iPhone.ActiveCfg = Debug|Any CPU
		{4BB1149F-E83A-407C-A835-A6A2F5A0CAE5}.Debug|iPhone.Build.0 = Debug|Any CPU
		{4BB1149F-E83A-407C-A835-A6A2F5A0CAE5}.Debug|iPhoneSimulator.ActiveCfg = Debug|Any CPU
		{4BB1149F-E83A-407C-A835-A6A2F5A0CAE5}.Debug|iPhoneSimulator.Build.0 = Debug|Any CPU
		{4BB1149F-E83A-407C-A835-A6A2F5A0CAE5}.Debug|x64.ActiveCfg = Debug|Any CPU
		{4BB1149F-E83A-407C-A835-A6A2F5A0CAE5}.Debug|x64.Build.0 = Debug|Any CPU
		{4BB1149F-E83A-407C-A835-A6A2F5A0CAE5}.Debug|x86.ActiveCfg = Debug|Any CPU
		{4BB1149F-E83A-407C-A835-A6A2F5A0CAE5}.Debug|x86.Build.0 = Debug|Any CPU
		{4BB1149F-E83A-407C-A835-A6A2F5A0CAE5}.Release|Any CPU.ActiveCfg = Release|Any CPU
		{4BB1149F-E83A-407C-A835-A6A2F5A0CAE5}.Release|Any CPU.Build.0 = Release|Any CPU
		{4BB1149F-E83A-407C-A835-A6A2F5A0CAE5}.Release|ARM.ActiveCfg = Release|Any CPU
		{4BB1149F-E83A-407C-A835-A6A2F5A0CAE5}.Release|ARM.Build.0 = Release|Any CPU
		{4BB1149F-E83A-407C-A835-A6A2F5A0CAE5}.Release|iPhone.ActiveCfg = Release|Any CPU
		{4BB1149F-E83A-407C-A835-A6A2F5A0CAE5}.Release|iPhone.Build.0 = Release|Any CPU
		{4BB1149F-E83A-407C-A835-A6A2F5A0CAE5}.Release|iPhoneSimulator.ActiveCfg = Release|Any CPU
		{4BB1149F-E83A-407C-A835-A6A2F5A0CAE5}.Release|iPhoneSimulator.Build.0 = Release|Any CPU
		{4BB1149F-E83A-407C-A835-A6A2F5A0CAE5}.Release|x64.ActiveCfg = Release|Any CPU
		{4BB1149F-E83A-407C-A835-A6A2F5A0CAE5}.Release|x64.Build.0 = Release|Any CPU
		{4BB1149F-E83A-407C-A835-A6A2F5A0CAE5}.Release|x86.ActiveCfg = Release|Any CPU
		{4BB1149F-E83A-407C-A835-A6A2F5A0CAE5}.Release|x86.Build.0 = Release|Any CPU
		{5490438E-36C6-42E7-9DF4-0638EAAA3B48}.Ad-Hoc|Any CPU.ActiveCfg = Debug|Any CPU
		{5490438E-36C6-42E7-9DF4-0638EAAA3B48}.Ad-Hoc|Any CPU.Build.0 = Debug|Any CPU
		{5490438E-36C6-42E7-9DF4-0638EAAA3B48}.Ad-Hoc|ARM.ActiveCfg = Debug|Any CPU
		{5490438E-36C6-42E7-9DF4-0638EAAA3B48}.Ad-Hoc|ARM.Build.0 = Debug|Any CPU
		{5490438E-36C6-42E7-9DF4-0638EAAA3B48}.Ad-Hoc|iPhone.ActiveCfg = Debug|Any CPU
		{5490438E-36C6-42E7-9DF4-0638EAAA3B48}.Ad-Hoc|iPhone.Build.0 = Debug|Any CPU
		{5490438E-36C6-42E7-9DF4-0638EAAA3B48}.Ad-Hoc|iPhoneSimulator.ActiveCfg = Debug|Any CPU
		{5490438E-36C6-42E7-9DF4-0638EAAA3B48}.Ad-Hoc|iPhoneSimulator.Build.0 = Debug|Any CPU
		{5490438E-36C6-42E7-9DF4-0638EAAA3B48}.Ad-Hoc|x64.ActiveCfg = Debug|Any CPU
		{5490438E-36C6-42E7-9DF4-0638EAAA3B48}.Ad-Hoc|x64.Build.0 = Debug|Any CPU
		{5490438E-36C6-42E7-9DF4-0638EAAA3B48}.Ad-Hoc|x86.ActiveCfg = Debug|Any CPU
		{5490438E-36C6-42E7-9DF4-0638EAAA3B48}.Ad-Hoc|x86.Build.0 = Debug|Any CPU
		{5490438E-36C6-42E7-9DF4-0638EAAA3B48}.AppStore|Any CPU.ActiveCfg = Debug|Any CPU
		{5490438E-36C6-42E7-9DF4-0638EAAA3B48}.AppStore|Any CPU.Build.0 = Debug|Any CPU
		{5490438E-36C6-42E7-9DF4-0638EAAA3B48}.AppStore|ARM.ActiveCfg = Debug|Any CPU
		{5490438E-36C6-42E7-9DF4-0638EAAA3B48}.AppStore|ARM.Build.0 = Debug|Any CPU
		{5490438E-36C6-42E7-9DF4-0638EAAA3B48}.AppStore|iPhone.ActiveCfg = Debug|Any CPU
		{5490438E-36C6-42E7-9DF4-0638EAAA3B48}.AppStore|iPhone.Build.0 = Debug|Any CPU
		{5490438E-36C6-42E7-9DF4-0638EAAA3B48}.AppStore|iPhoneSimulator.ActiveCfg = Debug|Any CPU
		{5490438E-36C6-42E7-9DF4-0638EAAA3B48}.AppStore|iPhoneSimulator.Build.0 = Debug|Any CPU
		{5490438E-36C6-42E7-9DF4-0638EAAA3B48}.AppStore|x64.ActiveCfg = Debug|Any CPU
		{5490438E-36C6-42E7-9DF4-0638EAAA3B48}.AppStore|x64.Build.0 = Debug|Any CPU
		{5490438E-36C6-42E7-9DF4-0638EAAA3B48}.AppStore|x86.ActiveCfg = Debug|Any CPU
		{5490438E-36C6-42E7-9DF4-0638EAAA3B48}.AppStore|x86.Build.0 = Debug|Any CPU
		{5490438E-36C6-42E7-9DF4-0638EAAA3B48}.Debug|Any CPU.ActiveCfg = Debug|Any CPU
		{5490438E-36C6-42E7-9DF4-0638EAAA3B48}.Debug|Any CPU.Build.0 = Debug|Any CPU
		{5490438E-36C6-42E7-9DF4-0638EAAA3B48}.Debug|ARM.ActiveCfg = Debug|Any CPU
		{5490438E-36C6-42E7-9DF4-0638EAAA3B48}.Debug|ARM.Build.0 = Debug|Any CPU
		{5490438E-36C6-42E7-9DF4-0638EAAA3B48}.Debug|iPhone.ActiveCfg = Debug|Any CPU
		{5490438E-36C6-42E7-9DF4-0638EAAA3B48}.Debug|iPhone.Build.0 = Debug|Any CPU
		{5490438E-36C6-42E7-9DF4-0638EAAA3B48}.Debug|iPhoneSimulator.ActiveCfg = Debug|Any CPU
		{5490438E-36C6-42E7-9DF4-0638EAAA3B48}.Debug|iPhoneSimulator.Build.0 = Debug|Any CPU
		{5490438E-36C6-42E7-9DF4-0638EAAA3B48}.Debug|x64.ActiveCfg = Debug|Any CPU
		{5490438E-36C6-42E7-9DF4-0638EAAA3B48}.Debug|x64.Build.0 = Debug|Any CPU
		{5490438E-36C6-42E7-9DF4-0638EAAA3B48}.Debug|x86.ActiveCfg = Debug|Any CPU
		{5490438E-36C6-42E7-9DF4-0638EAAA3B48}.Debug|x86.Build.0 = Debug|Any CPU
		{5490438E-36C6-42E7-9DF4-0638EAAA3B48}.Release|Any CPU.ActiveCfg = Release|Any CPU
		{5490438E-36C6-42E7-9DF4-0638EAAA3B48}.Release|Any CPU.Build.0 = Release|Any CPU
		{5490438E-36C6-42E7-9DF4-0638EAAA3B48}.Release|ARM.ActiveCfg = Release|Any CPU
		{5490438E-36C6-42E7-9DF4-0638EAAA3B48}.Release|ARM.Build.0 = Release|Any CPU
		{5490438E-36C6-42E7-9DF4-0638EAAA3B48}.Release|iPhone.ActiveCfg = Release|Any CPU
		{5490438E-36C6-42E7-9DF4-0638EAAA3B48}.Release|iPhone.Build.0 = Release|Any CPU
		{5490438E-36C6-42E7-9DF4-0638EAAA3B48}.Release|iPhoneSimulator.ActiveCfg = Release|Any CPU
		{5490438E-36C6-42E7-9DF4-0638EAAA3B48}.Release|iPhoneSimulator.Build.0 = Release|Any CPU
		{5490438E-36C6-42E7-9DF4-0638EAAA3B48}.Release|x64.ActiveCfg = Release|Any CPU
		{5490438E-36C6-42E7-9DF4-0638EAAA3B48}.Release|x64.Build.0 = Release|Any CPU
		{5490438E-36C6-42E7-9DF4-0638EAAA3B48}.Release|x86.ActiveCfg = Release|Any CPU
		{5490438E-36C6-42E7-9DF4-0638EAAA3B48}.Release|x86.Build.0 = Release|Any CPU
		{80B89241-32EC-436A-828E-D78B30DFB782}.Ad-Hoc|Any CPU.ActiveCfg = Release|Any CPU
		{80B89241-32EC-436A-828E-D78B30DFB782}.Ad-Hoc|Any CPU.Build.0 = Release|Any CPU
		{80B89241-32EC-436A-828E-D78B30DFB782}.Ad-Hoc|ARM.ActiveCfg = Release|Any CPU
		{80B89241-32EC-436A-828E-D78B30DFB782}.Ad-Hoc|ARM.Build.0 = Release|Any CPU
		{80B89241-32EC-436A-828E-D78B30DFB782}.Ad-Hoc|iPhone.ActiveCfg = Release|Any CPU
		{80B89241-32EC-436A-828E-D78B30DFB782}.Ad-Hoc|iPhone.Build.0 = Release|Any CPU
		{80B89241-32EC-436A-828E-D78B30DFB782}.Ad-Hoc|iPhoneSimulator.ActiveCfg = Release|Any CPU
		{80B89241-32EC-436A-828E-D78B30DFB782}.Ad-Hoc|iPhoneSimulator.Build.0 = Release|Any CPU
		{80B89241-32EC-436A-828E-D78B30DFB782}.Ad-Hoc|x64.ActiveCfg = Release|Any CPU
		{80B89241-32EC-436A-828E-D78B30DFB782}.Ad-Hoc|x64.Build.0 = Release|Any CPU
		{80B89241-32EC-436A-828E-D78B30DFB782}.Ad-Hoc|x86.ActiveCfg = Release|Any CPU
		{80B89241-32EC-436A-828E-D78B30DFB782}.Ad-Hoc|x86.Build.0 = Release|Any CPU
		{80B89241-32EC-436A-828E-D78B30DFB782}.AppStore|Any CPU.ActiveCfg = Release|Any CPU
		{80B89241-32EC-436A-828E-D78B30DFB782}.AppStore|Any CPU.Build.0 = Release|Any CPU
		{80B89241-32EC-436A-828E-D78B30DFB782}.AppStore|ARM.ActiveCfg = Release|Any CPU
		{80B89241-32EC-436A-828E-D78B30DFB782}.AppStore|ARM.Build.0 = Release|Any CPU
		{80B89241-32EC-436A-828E-D78B30DFB782}.AppStore|iPhone.ActiveCfg = Release|Any CPU
		{80B89241-32EC-436A-828E-D78B30DFB782}.AppStore|iPhone.Build.0 = Release|Any CPU
		{80B89241-32EC-436A-828E-D78B30DFB782}.AppStore|iPhoneSimulator.ActiveCfg = Release|Any CPU
		{80B89241-32EC-436A-828E-D78B30DFB782}.AppStore|iPhoneSimulator.Build.0 = Release|Any CPU
		{80B89241-32EC-436A-828E-D78B30DFB782}.AppStore|x64.ActiveCfg = Release|Any CPU
		{80B89241-32EC-436A-828E-D78B30DFB782}.AppStore|x64.Build.0 = Release|Any CPU
		{80B89241-32EC-436A-828E-D78B30DFB782}.AppStore|x86.ActiveCfg = Release|Any CPU
		{80B89241-32EC-436A-828E-D78B30DFB782}.AppStore|x86.Build.0 = Release|Any CPU
		{80B89241-32EC-436A-828E-D78B30DFB782}.Debug|Any CPU.ActiveCfg = Debug|Any CPU
		{80B89241-32EC-436A-828E-D78B30DFB782}.Debug|Any CPU.Build.0 = Debug|Any CPU
		{80B89241-32EC-436A-828E-D78B30DFB782}.Debug|ARM.ActiveCfg = Debug|Any CPU
		{80B89241-32EC-436A-828E-D78B30DFB782}.Debug|ARM.Build.0 = Debug|Any CPU
		{80B89241-32EC-436A-828E-D78B30DFB782}.Debug|iPhone.ActiveCfg = Debug|Any CPU
		{80B89241-32EC-436A-828E-D78B30DFB782}.Debug|iPhone.Build.0 = Debug|Any CPU
		{80B89241-32EC-436A-828E-D78B30DFB782}.Debug|iPhoneSimulator.ActiveCfg = Debug|Any CPU
		{80B89241-32EC-436A-828E-D78B30DFB782}.Debug|iPhoneSimulator.Build.0 = Debug|Any CPU
		{80B89241-32EC-436A-828E-D78B30DFB782}.Debug|x64.ActiveCfg = Debug|Any CPU
		{80B89241-32EC-436A-828E-D78B30DFB782}.Debug|x64.Build.0 = Debug|Any CPU
		{80B89241-32EC-436A-828E-D78B30DFB782}.Debug|x86.ActiveCfg = Debug|Any CPU
		{80B89241-32EC-436A-828E-D78B30DFB782}.Debug|x86.Build.0 = Debug|Any CPU
		{80B89241-32EC-436A-828E-D78B30DFB782}.Release|Any CPU.ActiveCfg = Release|Any CPU
		{80B89241-32EC-436A-828E-D78B30DFB782}.Release|Any CPU.Build.0 = Release|Any CPU
		{80B89241-32EC-436A-828E-D78B30DFB782}.Release|ARM.ActiveCfg = Release|Any CPU
		{80B89241-32EC-436A-828E-D78B30DFB782}.Release|ARM.Build.0 = Release|Any CPU
		{80B89241-32EC-436A-828E-D78B30DFB782}.Release|iPhone.ActiveCfg = Release|Any CPU
		{80B89241-32EC-436A-828E-D78B30DFB782}.Release|iPhone.Build.0 = Release|Any CPU
		{80B89241-32EC-436A-828E-D78B30DFB782}.Release|iPhoneSimulator.ActiveCfg = Release|Any CPU
		{80B89241-32EC-436A-828E-D78B30DFB782}.Release|iPhoneSimulator.Build.0 = Release|Any CPU
		{80B89241-32EC-436A-828E-D78B30DFB782}.Release|x64.ActiveCfg = Release|Any CPU
		{80B89241-32EC-436A-828E-D78B30DFB782}.Release|x64.Build.0 = Release|Any CPU
		{80B89241-32EC-436A-828E-D78B30DFB782}.Release|x86.ActiveCfg = Release|Any CPU
		{80B89241-32EC-436A-828E-D78B30DFB782}.Release|x86.Build.0 = Release|Any CPU
		{AB64E223-F8AE-4AF5-AAE0-C9A5C63A9DAE}.Ad-Hoc|Any CPU.ActiveCfg = Release|x64
		{AB64E223-F8AE-4AF5-AAE0-C9A5C63A9DAE}.Ad-Hoc|Any CPU.Build.0 = Release|x64
		{AB64E223-F8AE-4AF5-AAE0-C9A5C63A9DAE}.Ad-Hoc|Any CPU.Deploy.0 = Release|x64
		{AB64E223-F8AE-4AF5-AAE0-C9A5C63A9DAE}.Ad-Hoc|ARM.ActiveCfg = Release|ARM
		{AB64E223-F8AE-4AF5-AAE0-C9A5C63A9DAE}.Ad-Hoc|ARM.Build.0 = Release|ARM
		{AB64E223-F8AE-4AF5-AAE0-C9A5C63A9DAE}.Ad-Hoc|ARM.Deploy.0 = Release|ARM
		{AB64E223-F8AE-4AF5-AAE0-C9A5C63A9DAE}.Ad-Hoc|iPhone.ActiveCfg = Release|x64
		{AB64E223-F8AE-4AF5-AAE0-C9A5C63A9DAE}.Ad-Hoc|iPhone.Build.0 = Release|x64
		{AB64E223-F8AE-4AF5-AAE0-C9A5C63A9DAE}.Ad-Hoc|iPhone.Deploy.0 = Release|x64
		{AB64E223-F8AE-4AF5-AAE0-C9A5C63A9DAE}.Ad-Hoc|iPhoneSimulator.ActiveCfg = Release|x64
		{AB64E223-F8AE-4AF5-AAE0-C9A5C63A9DAE}.Ad-Hoc|iPhoneSimulator.Build.0 = Release|x64
		{AB64E223-F8AE-4AF5-AAE0-C9A5C63A9DAE}.Ad-Hoc|iPhoneSimulator.Deploy.0 = Release|x64
		{AB64E223-F8AE-4AF5-AAE0-C9A5C63A9DAE}.Ad-Hoc|x64.ActiveCfg = Release|x64
		{AB64E223-F8AE-4AF5-AAE0-C9A5C63A9DAE}.Ad-Hoc|x64.Build.0 = Release|x64
		{AB64E223-F8AE-4AF5-AAE0-C9A5C63A9DAE}.Ad-Hoc|x64.Deploy.0 = Release|x64
		{AB64E223-F8AE-4AF5-AAE0-C9A5C63A9DAE}.Ad-Hoc|x86.ActiveCfg = Release|x86
		{AB64E223-F8AE-4AF5-AAE0-C9A5C63A9DAE}.Ad-Hoc|x86.Build.0 = Release|x86
		{AB64E223-F8AE-4AF5-AAE0-C9A5C63A9DAE}.Ad-Hoc|x86.Deploy.0 = Release|x86
		{AB64E223-F8AE-4AF5-AAE0-C9A5C63A9DAE}.AppStore|Any CPU.ActiveCfg = Release|x64
		{AB64E223-F8AE-4AF5-AAE0-C9A5C63A9DAE}.AppStore|Any CPU.Build.0 = Release|x64
		{AB64E223-F8AE-4AF5-AAE0-C9A5C63A9DAE}.AppStore|Any CPU.Deploy.0 = Release|x64
		{AB64E223-F8AE-4AF5-AAE0-C9A5C63A9DAE}.AppStore|ARM.ActiveCfg = Release|ARM
		{AB64E223-F8AE-4AF5-AAE0-C9A5C63A9DAE}.AppStore|ARM.Build.0 = Release|ARM
		{AB64E223-F8AE-4AF5-AAE0-C9A5C63A9DAE}.AppStore|ARM.Deploy.0 = Release|ARM
		{AB64E223-F8AE-4AF5-AAE0-C9A5C63A9DAE}.AppStore|iPhone.ActiveCfg = Release|x64
		{AB64E223-F8AE-4AF5-AAE0-C9A5C63A9DAE}.AppStore|iPhone.Build.0 = Release|x64
		{AB64E223-F8AE-4AF5-AAE0-C9A5C63A9DAE}.AppStore|iPhone.Deploy.0 = Release|x64
		{AB64E223-F8AE-4AF5-AAE0-C9A5C63A9DAE}.AppStore|iPhoneSimulator.ActiveCfg = Release|x64
		{AB64E223-F8AE-4AF5-AAE0-C9A5C63A9DAE}.AppStore|iPhoneSimulator.Build.0 = Release|x64
		{AB64E223-F8AE-4AF5-AAE0-C9A5C63A9DAE}.AppStore|iPhoneSimulator.Deploy.0 = Release|x64
		{AB64E223-F8AE-4AF5-AAE0-C9A5C63A9DAE}.AppStore|x64.ActiveCfg = Release|x64
		{AB64E223-F8AE-4AF5-AAE0-C9A5C63A9DAE}.AppStore|x64.Build.0 = Release|x64
		{AB64E223-F8AE-4AF5-AAE0-C9A5C63A9DAE}.AppStore|x64.Deploy.0 = Release|x64
		{AB64E223-F8AE-4AF5-AAE0-C9A5C63A9DAE}.AppStore|x86.ActiveCfg = Release|x86
		{AB64E223-F8AE-4AF5-AAE0-C9A5C63A9DAE}.AppStore|x86.Build.0 = Release|x86
		{AB64E223-F8AE-4AF5-AAE0-C9A5C63A9DAE}.AppStore|x86.Deploy.0 = Release|x86
		{AB64E223-F8AE-4AF5-AAE0-C9A5C63A9DAE}.Debug|Any CPU.ActiveCfg = Debug|x86
		{AB64E223-F8AE-4AF5-AAE0-C9A5C63A9DAE}.Debug|ARM.ActiveCfg = Debug|ARM
		{AB64E223-F8AE-4AF5-AAE0-C9A5C63A9DAE}.Debug|ARM.Build.0 = Debug|ARM
		{AB64E223-F8AE-4AF5-AAE0-C9A5C63A9DAE}.Debug|ARM.Deploy.0 = Debug|ARM
		{AB64E223-F8AE-4AF5-AAE0-C9A5C63A9DAE}.Debug|iPhone.ActiveCfg = Debug|x86
		{AB64E223-F8AE-4AF5-AAE0-C9A5C63A9DAE}.Debug|iPhoneSimulator.ActiveCfg = Debug|x86
		{AB64E223-F8AE-4AF5-AAE0-C9A5C63A9DAE}.Debug|x64.ActiveCfg = Debug|x64
		{AB64E223-F8AE-4AF5-AAE0-C9A5C63A9DAE}.Debug|x64.Build.0 = Debug|x64
		{AB64E223-F8AE-4AF5-AAE0-C9A5C63A9DAE}.Debug|x64.Deploy.0 = Debug|x64
		{AB64E223-F8AE-4AF5-AAE0-C9A5C63A9DAE}.Debug|x86.ActiveCfg = Debug|x86
		{AB64E223-F8AE-4AF5-AAE0-C9A5C63A9DAE}.Debug|x86.Build.0 = Debug|x86
		{AB64E223-F8AE-4AF5-AAE0-C9A5C63A9DAE}.Debug|x86.Deploy.0 = Debug|x86
		{AB64E223-F8AE-4AF5-AAE0-C9A5C63A9DAE}.Release|Any CPU.ActiveCfg = Release|x86
		{AB64E223-F8AE-4AF5-AAE0-C9A5C63A9DAE}.Release|ARM.ActiveCfg = Release|ARM
		{AB64E223-F8AE-4AF5-AAE0-C9A5C63A9DAE}.Release|ARM.Build.0 = Release|ARM
		{AB64E223-F8AE-4AF5-AAE0-C9A5C63A9DAE}.Release|ARM.Deploy.0 = Release|ARM
		{AB64E223-F8AE-4AF5-AAE0-C9A5C63A9DAE}.Release|iPhone.ActiveCfg = Release|x86
		{AB64E223-F8AE-4AF5-AAE0-C9A5C63A9DAE}.Release|iPhoneSimulator.ActiveCfg = Release|x86
		{AB64E223-F8AE-4AF5-AAE0-C9A5C63A9DAE}.Release|x64.ActiveCfg = Release|x64
		{AB64E223-F8AE-4AF5-AAE0-C9A5C63A9DAE}.Release|x64.Build.0 = Release|x64
		{AB64E223-F8AE-4AF5-AAE0-C9A5C63A9DAE}.Release|x64.Deploy.0 = Release|x64
		{AB64E223-F8AE-4AF5-AAE0-C9A5C63A9DAE}.Release|x86.ActiveCfg = Release|x86
		{AB64E223-F8AE-4AF5-AAE0-C9A5C63A9DAE}.Release|x86.Build.0 = Release|x86
		{AB64E223-F8AE-4AF5-AAE0-C9A5C63A9DAE}.Release|x86.Deploy.0 = Release|x86
		{116CE19F-3480-4528-834D-0E58701FC916}.Ad-Hoc|Any CPU.ActiveCfg = Debug|Any CPU
		{116CE19F-3480-4528-834D-0E58701FC916}.Ad-Hoc|Any CPU.Build.0 = Debug|Any CPU
		{116CE19F-3480-4528-834D-0E58701FC916}.Ad-Hoc|ARM.ActiveCfg = Debug|Any CPU
		{116CE19F-3480-4528-834D-0E58701FC916}.Ad-Hoc|ARM.Build.0 = Debug|Any CPU
		{116CE19F-3480-4528-834D-0E58701FC916}.Ad-Hoc|iPhone.ActiveCfg = Debug|Any CPU
		{116CE19F-3480-4528-834D-0E58701FC916}.Ad-Hoc|iPhone.Build.0 = Debug|Any CPU
		{116CE19F-3480-4528-834D-0E58701FC916}.Ad-Hoc|iPhoneSimulator.ActiveCfg = Debug|Any CPU
		{116CE19F-3480-4528-834D-0E58701FC916}.Ad-Hoc|iPhoneSimulator.Build.0 = Debug|Any CPU
		{116CE19F-3480-4528-834D-0E58701FC916}.Ad-Hoc|x64.ActiveCfg = Debug|Any CPU
		{116CE19F-3480-4528-834D-0E58701FC916}.Ad-Hoc|x64.Build.0 = Debug|Any CPU
		{116CE19F-3480-4528-834D-0E58701FC916}.Ad-Hoc|x86.ActiveCfg = Debug|Any CPU
		{116CE19F-3480-4528-834D-0E58701FC916}.Ad-Hoc|x86.Build.0 = Debug|Any CPU
		{116CE19F-3480-4528-834D-0E58701FC916}.AppStore|Any CPU.ActiveCfg = Debug|Any CPU
		{116CE19F-3480-4528-834D-0E58701FC916}.AppStore|Any CPU.Build.0 = Debug|Any CPU
		{116CE19F-3480-4528-834D-0E58701FC916}.AppStore|ARM.ActiveCfg = Debug|Any CPU
		{116CE19F-3480-4528-834D-0E58701FC916}.AppStore|ARM.Build.0 = Debug|Any CPU
		{116CE19F-3480-4528-834D-0E58701FC916}.AppStore|iPhone.ActiveCfg = Debug|Any CPU
		{116CE19F-3480-4528-834D-0E58701FC916}.AppStore|iPhone.Build.0 = Debug|Any CPU
		{116CE19F-3480-4528-834D-0E58701FC916}.AppStore|iPhoneSimulator.ActiveCfg = Debug|Any CPU
		{116CE19F-3480-4528-834D-0E58701FC916}.AppStore|iPhoneSimulator.Build.0 = Debug|Any CPU
		{116CE19F-3480-4528-834D-0E58701FC916}.AppStore|x64.ActiveCfg = Debug|Any CPU
		{116CE19F-3480-4528-834D-0E58701FC916}.AppStore|x64.Build.0 = Debug|Any CPU
		{116CE19F-3480-4528-834D-0E58701FC916}.AppStore|x86.ActiveCfg = Debug|Any CPU
		{116CE19F-3480-4528-834D-0E58701FC916}.AppStore|x86.Build.0 = Debug|Any CPU
		{116CE19F-3480-4528-834D-0E58701FC916}.Debug|Any CPU.ActiveCfg = Debug|Any CPU
		{116CE19F-3480-4528-834D-0E58701FC916}.Debug|Any CPU.Build.0 = Debug|Any CPU
		{116CE19F-3480-4528-834D-0E58701FC916}.Debug|ARM.ActiveCfg = Debug|Any CPU
		{116CE19F-3480-4528-834D-0E58701FC916}.Debug|ARM.Build.0 = Debug|Any CPU
		{116CE19F-3480-4528-834D-0E58701FC916}.Debug|iPhone.ActiveCfg = Debug|Any CPU
		{116CE19F-3480-4528-834D-0E58701FC916}.Debug|iPhone.Build.0 = Debug|Any CPU
		{116CE19F-3480-4528-834D-0E58701FC916}.Debug|iPhoneSimulator.ActiveCfg = Debug|Any CPU
		{116CE19F-3480-4528-834D-0E58701FC916}.Debug|iPhoneSimulator.Build.0 = Debug|Any CPU
		{116CE19F-3480-4528-834D-0E58701FC916}.Debug|x64.ActiveCfg = Debug|Any CPU
		{116CE19F-3480-4528-834D-0E58701FC916}.Debug|x64.Build.0 = Debug|Any CPU
		{116CE19F-3480-4528-834D-0E58701FC916}.Debug|x86.ActiveCfg = Debug|Any CPU
		{116CE19F-3480-4528-834D-0E58701FC916}.Debug|x86.Build.0 = Debug|Any CPU
		{116CE19F-3480-4528-834D-0E58701FC916}.Release|Any CPU.ActiveCfg = Release|Any CPU
		{116CE19F-3480-4528-834D-0E58701FC916}.Release|Any CPU.Build.0 = Release|Any CPU
		{116CE19F-3480-4528-834D-0E58701FC916}.Release|ARM.ActiveCfg = Release|Any CPU
		{116CE19F-3480-4528-834D-0E58701FC916}.Release|ARM.Build.0 = Release|Any CPU
		{116CE19F-3480-4528-834D-0E58701FC916}.Release|iPhone.ActiveCfg = Release|Any CPU
		{116CE19F-3480-4528-834D-0E58701FC916}.Release|iPhone.Build.0 = Release|Any CPU
		{116CE19F-3480-4528-834D-0E58701FC916}.Release|iPhoneSimulator.ActiveCfg = Release|Any CPU
		{116CE19F-3480-4528-834D-0E58701FC916}.Release|iPhoneSimulator.Build.0 = Release|Any CPU
		{116CE19F-3480-4528-834D-0E58701FC916}.Release|x64.ActiveCfg = Release|Any CPU
		{116CE19F-3480-4528-834D-0E58701FC916}.Release|x64.Build.0 = Release|Any CPU
		{116CE19F-3480-4528-834D-0E58701FC916}.Release|x86.ActiveCfg = Release|Any CPU
		{116CE19F-3480-4528-834D-0E58701FC916}.Release|x86.Build.0 = Release|Any CPU
		{3609C3F1-789F-4FAE-AEBA-C15964ABCE12}.Ad-Hoc|Any CPU.ActiveCfg = Release|Any CPU
		{3609C3F1-789F-4FAE-AEBA-C15964ABCE12}.Ad-Hoc|Any CPU.Build.0 = Release|Any CPU
		{3609C3F1-789F-4FAE-AEBA-C15964ABCE12}.Ad-Hoc|ARM.ActiveCfg = Release|Any CPU
		{3609C3F1-789F-4FAE-AEBA-C15964ABCE12}.Ad-Hoc|ARM.Build.0 = Release|Any CPU
		{3609C3F1-789F-4FAE-AEBA-C15964ABCE12}.Ad-Hoc|iPhone.ActiveCfg = Release|Any CPU
		{3609C3F1-789F-4FAE-AEBA-C15964ABCE12}.Ad-Hoc|iPhone.Build.0 = Release|Any CPU
		{3609C3F1-789F-4FAE-AEBA-C15964ABCE12}.Ad-Hoc|iPhoneSimulator.ActiveCfg = Release|Any CPU
		{3609C3F1-789F-4FAE-AEBA-C15964ABCE12}.Ad-Hoc|iPhoneSimulator.Build.0 = Release|Any CPU
		{3609C3F1-789F-4FAE-AEBA-C15964ABCE12}.Ad-Hoc|x64.ActiveCfg = Release|Any CPU
		{3609C3F1-789F-4FAE-AEBA-C15964ABCE12}.Ad-Hoc|x64.Build.0 = Release|Any CPU
		{3609C3F1-789F-4FAE-AEBA-C15964ABCE12}.Ad-Hoc|x86.ActiveCfg = Release|Any CPU
		{3609C3F1-789F-4FAE-AEBA-C15964ABCE12}.Ad-Hoc|x86.Build.0 = Release|Any CPU
		{3609C3F1-789F-4FAE-AEBA-C15964ABCE12}.AppStore|Any CPU.ActiveCfg = Release|Any CPU
		{3609C3F1-789F-4FAE-AEBA-C15964ABCE12}.AppStore|Any CPU.Build.0 = Release|Any CPU
		{3609C3F1-789F-4FAE-AEBA-C15964ABCE12}.AppStore|ARM.ActiveCfg = Release|Any CPU
		{3609C3F1-789F-4FAE-AEBA-C15964ABCE12}.AppStore|ARM.Build.0 = Release|Any CPU
		{3609C3F1-789F-4FAE-AEBA-C15964ABCE12}.AppStore|iPhone.ActiveCfg = Release|Any CPU
		{3609C3F1-789F-4FAE-AEBA-C15964ABCE12}.AppStore|iPhone.Build.0 = Release|Any CPU
		{3609C3F1-789F-4FAE-AEBA-C15964ABCE12}.AppStore|iPhoneSimulator.ActiveCfg = Release|Any CPU
		{3609C3F1-789F-4FAE-AEBA-C15964ABCE12}.AppStore|iPhoneSimulator.Build.0 = Release|Any CPU
		{3609C3F1-789F-4FAE-AEBA-C15964ABCE12}.AppStore|x64.ActiveCfg = Release|Any CPU
		{3609C3F1-789F-4FAE-AEBA-C15964ABCE12}.AppStore|x64.Build.0 = Release|Any CPU
		{3609C3F1-789F-4FAE-AEBA-C15964ABCE12}.AppStore|x86.ActiveCfg = Release|Any CPU
		{3609C3F1-789F-4FAE-AEBA-C15964ABCE12}.AppStore|x86.Build.0 = Release|Any CPU
		{3609C3F1-789F-4FAE-AEBA-C15964ABCE12}.Debug|Any CPU.ActiveCfg = Debug|Any CPU
		{3609C3F1-789F-4FAE-AEBA-C15964ABCE12}.Debug|Any CPU.Build.0 = Debug|Any CPU
		{3609C3F1-789F-4FAE-AEBA-C15964ABCE12}.Debug|ARM.ActiveCfg = Debug|Any CPU
		{3609C3F1-789F-4FAE-AEBA-C15964ABCE12}.Debug|ARM.Build.0 = Debug|Any CPU
		{3609C3F1-789F-4FAE-AEBA-C15964ABCE12}.Debug|iPhone.ActiveCfg = Debug|Any CPU
		{3609C3F1-789F-4FAE-AEBA-C15964ABCE12}.Debug|iPhone.Build.0 = Debug|Any CPU
		{3609C3F1-789F-4FAE-AEBA-C15964ABCE12}.Debug|iPhoneSimulator.ActiveCfg = Debug|Any CPU
		{3609C3F1-789F-4FAE-AEBA-C15964ABCE12}.Debug|iPhoneSimulator.Build.0 = Debug|Any CPU
		{3609C3F1-789F-4FAE-AEBA-C15964ABCE12}.Debug|x64.ActiveCfg = Debug|Any CPU
		{3609C3F1-789F-4FAE-AEBA-C15964ABCE12}.Debug|x64.Build.0 = Debug|Any CPU
		{3609C3F1-789F-4FAE-AEBA-C15964ABCE12}.Debug|x86.ActiveCfg = Debug|Any CPU
		{3609C3F1-789F-4FAE-AEBA-C15964ABCE12}.Debug|x86.Build.0 = Debug|Any CPU
		{3609C3F1-789F-4FAE-AEBA-C15964ABCE12}.Release|Any CPU.ActiveCfg = Release|Any CPU
		{3609C3F1-789F-4FAE-AEBA-C15964ABCE12}.Release|Any CPU.Build.0 = Release|Any CPU
		{3609C3F1-789F-4FAE-AEBA-C15964ABCE12}.Release|ARM.ActiveCfg = Release|Any CPU
		{3609C3F1-789F-4FAE-AEBA-C15964ABCE12}.Release|ARM.Build.0 = Release|Any CPU
		{3609C3F1-789F-4FAE-AEBA-C15964ABCE12}.Release|iPhone.ActiveCfg = Release|Any CPU
		{3609C3F1-789F-4FAE-AEBA-C15964ABCE12}.Release|iPhone.Build.0 = Release|Any CPU
		{3609C3F1-789F-4FAE-AEBA-C15964ABCE12}.Release|iPhoneSimulator.ActiveCfg = Release|Any CPU
		{3609C3F1-789F-4FAE-AEBA-C15964ABCE12}.Release|iPhoneSimulator.Build.0 = Release|Any CPU
		{3609C3F1-789F-4FAE-AEBA-C15964ABCE12}.Release|x64.ActiveCfg = Release|Any CPU
		{3609C3F1-789F-4FAE-AEBA-C15964ABCE12}.Release|x64.Build.0 = Release|Any CPU
		{3609C3F1-789F-4FAE-AEBA-C15964ABCE12}.Release|x86.ActiveCfg = Release|Any CPU
		{3609C3F1-789F-4FAE-AEBA-C15964ABCE12}.Release|x86.Build.0 = Release|Any CPU
	EndGlobalSection
	GlobalSection(SolutionProperties) = preSolution
		HideSolutionNode = FALSE
	EndGlobalSection
	GlobalSection(NestedProjects) = preSolution
		{8E3DFACF-27EB-478D-8E3C-EAC5752D2A3A} = {A27E6701-E46E-424D-8E7E-BF2E16F2AF59}
		{D738174C-EDB2-42A7-A795-029F2EFCDE05} = {EFBC60DC-8A5A-437B-B47E-107754F134AE}
		{5EE8D261-12EC-48A4-925A-35CC36B5266C} = {EFBC60DC-8A5A-437B-B47E-107754F134AE}
		{4BB1149F-E83A-407C-A835-A6A2F5A0CAE5} = {EFBC60DC-8A5A-437B-B47E-107754F134AE}
		{EFBC60DC-8A5A-437B-B47E-107754F134AE} = {A27E6701-E46E-424D-8E7E-BF2E16F2AF59}
		{5490438E-36C6-42E7-9DF4-0638EAAA3B48} = {A27E6701-E46E-424D-8E7E-BF2E16F2AF59}
		{80B89241-32EC-436A-828E-D78B30DFB782} = {A27E6701-E46E-424D-8E7E-BF2E16F2AF59}
		{AB64E223-F8AE-4AF5-AAE0-C9A5C63A9DAE} = {A27E6701-E46E-424D-8E7E-BF2E16F2AF59}
	EndGlobalSection
	GlobalSection(ExtensibilityGlobals) = postSolution
		SolutionGuid = {3201D84B-574D-4519-AB41-FD96619A5ADC}
	EndGlobalSection
EndGlobal
